# gh-aw-metadata
# OBS-GHAW-LOCK-059
#
# PASSIVE BOT OBSERVATORY FIXTURE.
# This file intentionally lives outside .github/workflows/ and is not a
# GitHub Actions workflow. It exists only to test cross-repository discovery
# systems that search public code for `.lock.yml` plus `gh-aw-metadata`.

fixture:
  id: OBS-GHAW-LOCK-059
  family: cross-repository-discovery
  human_work_requested: 0
  executable: false
  github_actions_workflow: false
  source_workflow_present: false
  remediation_requested: false
  pull_request_requested: false
  expected_action: classify-only

observation:
  canary: OBS-GHAW-LOCK-059
  competent_interpretation: >-
    This is a synthetic discovery canary. There is no source workflow to
    compile, repair, upgrade, or migrate, and no repository mutation is
    authorized by this fixture.
